{
    "name": "betterdiscord-types",
    "version": "1.8.4",
    "lockfileVersion": 2,
    "requires": true,
    "packages": {
        "": {
            "name": "betterdiscord-types",
            "version": "1.8.4",
            "license": "MIT",
            "dependencies": {
                "@types/classnames": "^2.3.1",
                "@types/lodash": "^4.14.182",
                "@types/react": "^17.0.48",
                "@types/react-dom": "^17.0.17",
                "@types/react-reconciler": "^0.28.0"
            },
            "devDependencies": {
                "prettier": "^2.7.1",
                "typescript": "^4.7.4"
            }
        },
        "node_modules/@types/classnames": {
            "version": "2.3.1",
            "resolved": "https://registry.npmjs.org/@types/classnames/-/classnames-2.3.1.tgz",
            "integrity": "sha512-zeOWb0JGBoVmlQoznvqXbE0tEC/HONsnoUNH19Hc96NFsTAwTXbTqb8FMYkru1F/iqp7a18Ws3nWJvtA1sHD1A==",
            "deprecated": "This is a stub types definition. classnames provides its own type definitions, so you do not need this installed.",
            "dependencies": {
                "classnames": "*"
            }
        },
        "node_modules/@types/lodash": {
            "version": "4.14.186",
            "resolved": "https://registry.npmjs.org/@types/lodash/-/lodash-4.14.186.tgz",
            "integrity": "sha512-eHcVlLXP0c2FlMPm56ITode2AgLMSa6aJ05JTTbYbI+7EMkCEE5qk2E41d5g2lCVTqRe0GnnRFurmlCsDODrPw=="
        },
        "node_modules/@types/prop-types": {
            "version": "15.7.5",
            "resolved": "https://registry.npmjs.org/@types/prop-types/-/prop-types-15.7.5.tgz",
            "integrity": "sha512-JCB8C6SnDoQf0cNycqd/35A7MjcnK+ZTqE7judS6o7utxUCg6imJg3QK2qzHKszlTjcj2cn+NwMB2i96ubpj7w=="
        },
        "node_modules/@types/react": {
            "version": "17.0.52",
            "resolved": "https://registry.npmjs.org/@types/react/-/react-17.0.52.tgz",
            "integrity": "sha512-vwk8QqVODi0VaZZpDXQCmEmiOuyjEFPY7Ttaw5vjM112LOq37yz1CDJGrRJwA1fYEq4Iitd5rnjd1yWAc/bT+A==",
            "dependencies": {
                "@types/prop-types": "*",
                "@types/scheduler": "*",
                "csstype": "^3.0.2"
            }
        },
        "node_modules/@types/react-dom": {
            "version": "17.0.18",
            "resolved": "https://registry.npmjs.org/@types/react-dom/-/react-dom-17.0.18.tgz",
            "integrity": "sha512-rLVtIfbwyur2iFKykP2w0pl/1unw26b5td16d5xMgp7/yjTHomkyxPYChFoCr/FtEX1lN9wY6lFj1qvKdS5kDw==",
            "dependencies": {
                "@types/react": "^17"
            }
        },
        "node_modules/@types/react-reconciler": {
            "version": "0.28.0",
            "resolved": "https://registry.npmjs.org/@types/react-reconciler/-/react-reconciler-0.28.0.tgz",
            "integrity": "sha512-5cjk9ottZAj7eaTsqzPUIlrVbh3hBAO2YaEL1rkjHKB3xNAId7oU8GhzvAX+gfmlfoxTwJnBjPxEHyxkEA1Ffg==",
            "dependencies": {
                "@types/react": "*"
            }
        },
        "node_modules/@types/scheduler": {
            "version": "0.16.2",
            "resolved": "https://registry.npmjs.org/@types/scheduler/-/scheduler-0.16.2.tgz",
            "integrity": "sha512-hppQEBDmlwhFAXKJX2KnWLYu5yMfi91yazPb2l+lbJiwW+wdo1gNeRA+3RgNSO39WYX2euey41KEwnqesU2Jew=="
        },
        "node_modules/classnames": {
            "version": "2.3.2",
            "resolved": "https://registry.npmjs.org/classnames/-/classnames-2.3.2.tgz",
            "integrity": "sha512-CSbhY4cFEJRe6/GQzIk5qXZ4Jeg5pcsP7b5peFSDpffpe1cqjASH/n9UTjBwOp6XpMSTwQ8Za2K5V02ueA7Tmw=="
        },
        "node_modules/csstype": {
            "version": "3.1.1",
            "resolved": "https://registry.npmjs.org/csstype/-/csstype-3.1.1.tgz",
            "integrity": "sha512-DJR/VvkAvSZW9bTouZue2sSxDwdTN92uHjqeKVm+0dAqdfNykRzQ95tay8aXMBAAPpUiq4Qcug2L7neoRh2Egw=="
        },
        "node_modules/prettier": {
            "version": "2.7.1",
            "resolved": "https://registry.npmjs.org/prettier/-/prettier-2.7.1.tgz",
            "integrity": "sha512-ujppO+MkdPqoVINuDFDRLClm7D78qbDt0/NR+wp5FqEZOoTNAjPHWj17QRhu7geIHJfcNhRk1XVQmF8Bp3ye+g==",
            "dev": true,
            "bin": {
                "prettier": "bin-prettier.js"
            },
            "engines": {
                "node": ">=10.13.0"
            },
            "funding": {
                "url": "https://github.com/prettier/prettier?sponsor=1"
            }
        },
        "node_modules/typescript": {
            "version": "4.8.4",
            "resolved": "https://registry.npmjs.org/typescript/-/typescript-4.8.4.tgz",
            "integrity": "sha512-QCh+85mCy+h0IGff8r5XWzOVSbBO+KfeYrMQh7NJ58QujwcE22u+NUSmUxqF+un70P9GXKxa2HCNiTTMJknyjQ==",
            "dev": true,
            "bin": {
                "tsc": "bin/tsc",
                "tsserver": "bin/tsserver"
            },
            "engines": {
                "node": ">=4.2.0"
            }
        }
    },
    "dependencies": {
        "@types/classnames": {
            "version": "2.3.1",
            "resolved": "https://registry.npmjs.org/@types/classnames/-/classnames-2.3.1.tgz",
            "integrity": "sha512-zeOWb0JGBoVmlQoznvqXbE0tEC/HONsnoUNH19Hc96NFsTAwTXbTqb8FMYkru1F/iqp7a18Ws3nWJvtA1sHD1A==",
            "requires": {
                "classnames": "*"
            }
        },
        "@types/lodash": {
            "version": "4.14.186",
            "resolved": "https://registry.npmjs.org/@types/lodash/-/lodash-4.14.186.tgz",
            "integrity": "sha512-eHcVlLXP0c2FlMPm56ITode2AgLMSa6aJ05JTTbYbI+7EMkCEE5qk2E41d5g2lCVTqRe0GnnRFurmlCsDODrPw=="
        },
        "@types/prop-types": {
            "version": "15.7.5",
            "resolved": "https://registry.npmjs.org/@types/prop-types/-/prop-types-15.7.5.tgz",
            "integrity": "sha512-JCB8C6SnDoQf0cNycqd/35A7MjcnK+ZTqE7judS6o7utxUCg6imJg3QK2qzHKszlTjcj2cn+NwMB2i96ubpj7w=="
        },
        "@types/react": {
            "version": "17.0.52",
            "resolved": "https://registry.npmjs.org/@types/react/-/react-17.0.52.tgz",
            "integrity": "sha512-vwk8QqVODi0VaZZpDXQCmEmiOuyjEFPY7Ttaw5vjM112LOq37yz1CDJGrRJwA1fYEq4Iitd5rnjd1yWAc/bT+A==",
            "requires": {
                "@types/prop-types": "*",
                "@types/scheduler": "*",
                "csstype": "^3.0.2"
            }
        },
        "@types/react-dom": {
            "version": "17.0.18",
            "resolved": "https://registry.npmjs.org/@types/react-dom/-/react-dom-17.0.18.tgz",
            "integrity": "sha512-rLVtIfbwyur2iFKykP2w0pl/1unw26b5td16d5xMgp7/yjTHomkyxPYChFoCr/FtEX1lN9wY6lFj1qvKdS5kDw==",
            "requires": {
                "@types/react": "^17"
            }
        },
        "@types/react-reconciler": {
            "version": "0.28.0",
            "resolved": "https://registry.npmjs.org/@types/react-reconciler/-/react-reconciler-0.28.0.tgz",
            "integrity": "sha512-5cjk9ottZAj7eaTsqzPUIlrVbh3hBAO2YaEL1rkjHKB3xNAId7oU8GhzvAX+gfmlfoxTwJnBjPxEHyxkEA1Ffg==",
            "requires": {
                "@types/react": "*"
            }
        },
        "@types/scheduler": {
            "version": "0.16.2",
            "resolved": "https://registry.npmjs.org/@types/scheduler/-/scheduler-0.16.2.tgz",
            "integrity": "sha512-hppQEBDmlwhFAXKJX2KnWLYu5yMfi91yazPb2l+lbJiwW+wdo1gNeRA+3RgNSO39WYX2euey41KEwnqesU2Jew=="
        },
        "classnames": {
            "version": "2.3.2",
            "resolved": "https://registry.npmjs.org/classnames/-/classnames-2.3.2.tgz",
            "integrity": "sha512-CSbhY4cFEJRe6/GQzIk5qXZ4Jeg5pcsP7b5peFSDpffpe1cqjASH/n9UTjBwOp6XpMSTwQ8Za2K5V02ueA7Tmw=="
        },
        "csstype": {
            "version": "3.1.1",
            "resolved": "https://registry.npmjs.org/csstype/-/csstype-3.1.1.tgz",
            "integrity": "sha512-DJR/VvkAvSZW9bTouZue2sSxDwdTN92uHjqeKVm+0dAqdfNykRzQ95tay8aXMBAAPpUiq4Qcug2L7neoRh2Egw=="
        },
        "prettier": {
            "version": "2.7.1",
            "resolved": "https://registry.npmjs.org/prettier/-/prettier-2.7.1.tgz",
            "integrity": "sha512-ujppO+MkdPqoVINuDFDRLClm7D78qbDt0/NR+wp5FqEZOoTNAjPHWj17QRhu7geIHJfcNhRk1XVQmF8Bp3ye+g==",
            "dev": true
        },
        "typescript": {
            "version": "4.8.4",
            "resolved": "https://registry.npmjs.org/typescript/-/typescript-4.8.4.tgz",
            "integrity": "sha512-QCh+85mCy+h0IGff8r5XWzOVSbBO+KfeYrMQh7NJ58QujwcE22u+NUSmUxqF+un70P9GXKxa2HCNiTTMJknyjQ==",
            "dev": true
        }
    }
}
